// !$*UTF8*$!
{
	archiveVersion = 1;
	classes = {
	};
	objectVersion = 50;
	objects = {

/* Begin PBXBuildFile section */
		CE9B639421A210CA0014F51A /* Journey.swift in Sources */ = {isa = PBXBuildFile; fileRef = CE9B639321A210CA0014F51A /* Journey.swift */; };
		CE9B639621A2110F0014F51A /* TravelManager.swift in Sources */ = {isa = PBXBuildFile; fileRef = CE9B639521A2110F0014F51A /* TravelManager.swift */; };
		EA156C4221A1E00F00F29C91 /* SecondViewController.swift in Sources */ = {isa = PBXBuildFile; fileRef = EA156C4121A1E00F00F29C91 /* SecondViewController.swift */; };
		EA156C4421A1E16100F29C91 /* SecondTableViewCell.swift in Sources */ = {isa = PBXBuildFile; fileRef = EA156C4321A1E16100F29C91 /* SecondTableViewCell.swift */; };
		EA156C4621A1E5B100F29C91 /* SecondTableViewCell.xib in Resources */ = {isa = PBXBuildFile; fileRef = EA156C4521A1E5B100F29C91 /* SecondTableViewCell.xib */; };
		EA45D46F21922F4C0050FDC3 /* AppDelegate.swift in Sources */ = {isa = PBXBuildFile; fileRef = EA45D46E21922F4C0050FDC3 /* AppDelegate.swift */; };
		EA45D47121922F4C0050FDC3 /* ViewController.swift in Sources */ = {isa = PBXBuildFile; fileRef = EA45D47021922F4C0050FDC3 /* ViewController.swift */; };
		EA45D47421922F4C0050FDC3 /* Main.storyboard in Resources */ = {isa = PBXBuildFile; fileRef = EA45D47221922F4C0050FDC3 /* Main.storyboard */; };
		EA45D47621922F4E0050FDC3 /* Assets.xcassets in Resources */ = {isa = PBXBuildFile; fileRef = EA45D47521922F4E0050FDC3 /* Assets.xcassets */; };
		EA45D47921922F4E0050FDC3 /* LaunchScreen.storyboard in Resources */ = {isa = PBXBuildFile; fileRef = EA45D47721922F4E0050FDC3 /* LaunchScreen.storyboard */; };
		EA45D48421922F4E0050FDC3 /* designTests.swift in Sources */ = {isa = PBXBuildFile; fileRef = EA45D48321922F4E0050FDC3 /* designTests.swift */; };
		EA45D48F21922F4E0050FDC3 /* designUITests.swift in Sources */ = {isa = PBXBuildFile; fileRef = EA45D48E21922F4E0050FDC3 /* designUITests.swift */; };
		EA45D49D219238270050FDC3 /* cell.xib in Resources */ = {isa = PBXBuildFile; fileRef = EA45D49C219238270050FDC3 /* cell.xib */; };
		EA45D4A121923E5B0050FDC3 /* cell.swift in Sources */ = {isa = PBXBuildFile; fileRef = EA45D4A021923E5B0050FDC3 /* cell.swift */; };
		EAA59AA9219B79FC0053A6F8 /* AlarmStruct.swift in Sources */ = {isa = PBXBuildFile; fileRef = EAA59AA8219B79FC0053A6F8 /* AlarmStruct.swift */; };
/* End PBXBuildFile section */

/* Begin PBXContainerItemProxy section */
		EA45D48021922F4E0050FDC3 /* PBXContainerItemProxy */ = {
			isa = PBXContainerItemProxy;
			containerPortal = EA45D46321922F4C0050FDC3 /* Project object */;
			proxyType = 1;
			remoteGlobalIDString = EA45D46A21922F4C0050FDC3;
			remoteInfo = design;
		};
		EA45D48B21922F4E0050FDC3 /* PBXContainerItemProxy */ = {
			isa = PBXContainerItemProxy;
			containerPortal = EA45D46321922F4C0050FDC3 /* Project object */;
			proxyType = 1;
			remoteGlobalIDString = EA45D46A21922F4C0050FDC3;
			remoteInfo = design;
		};
/* End PBXContainerItemProxy section */

/* Begin PBXFileReference section */
		CE9B638D21A20B3A0014F51A /* s.caf */ = {isa = PBXFileReference; lastKnownFileType = file; name = s.caf; path = "../../IOS-mlcourse-pushes/pushes/s.caf"; sourceTree = "<group>"; };
		CE9B639321A210CA0014F51A /* Journey.swift */ = {isa = PBXFileReference; lastKnownFileType = sourcecode.swift; path = Journey.swift; sourceTree = "<group>"; };
		CE9B639521A2110F0014F51A /* TravelManager.swift */ = {isa = PBXFileReference; lastKnownFileType = sourcecode.swift; path = TravelManager.swift; sourceTree = "<group>"; };
		EA156C4121A1E00F00F29C91 /* SecondViewController.swift */ = {isa = PBXFileReference; lastKnownFileType = sourcecode.swift; path = SecondViewController.swift; sourceTree = "<group>"; };
		EA156C4321A1E16100F29C91 /* SecondTableViewCell.swift */ = {isa = PBXFileReference; lastKnownFileType = sourcecode.swift; path = SecondTableViewCell.swift; sourceTree = "<group>"; };
		EA156C4521A1E5B100F29C91 /* SecondTableViewCell.xib */ = {isa = PBXFileReference; lastKnownFileType = file.xib; path = SecondTableViewCell.xib; sourceTree = "<group>"; };
		EA45D46B21922F4C0050FDC3 /* design.app */ = {isa = PBXFileReference; explicitFileType = wrapper.application; includeInIndex = 0; path = design.app; sourceTree = BUILT_PRODUCTS_DIR; };
		EA45D46E21922F4C0050FDC3 /* AppDelegate.swift */ = {isa = PBXFileReference; lastKnownFileType = sourcecode.swift; path = AppDelegate.swift; sourceTree = "<group>"; };
		EA45D47021922F4C0050FDC3 /* ViewController.swift */ = {isa = PBXFileReference; lastKnownFileType = sourcecode.swift; path = ViewController.swift; sourceTree = "<group>"; };
		EA45D47321922F4C0050FDC3 /* Base */ = {isa = PBXFileReference; lastKnownFileType = file.storyboard; name = Base; path = Base.lproj/Main.storyboard; sourceTree = "<group>"; };
		EA45D47521922F4E0050FDC3 /* Assets.xcassets */ = {isa = PBXFileReference; lastKnownFileType = folder.assetcatalog; path = Assets.xcassets; sourceTree = "<group>"; };
		EA45D47821922F4E0050FDC3 /* Base */ = {isa = PBXFileReference; lastKnownFileType = file.storyboard; name = Base; path = Base.lproj/LaunchScreen.storyboard; sourceTree = "<group>"; };
		EA45D47A21922F4E0050FDC3 /* Info.plist */ = {isa = PBXFileReference; lastKnownFileType = text.plist.xml; path = Info.plist; sourceTree = "<group>"; };
		EA45D47F21922F4E0050FDC3 /* designTests.xctest */ = {isa = PBXFileReference; explicitFileType = wrapper.cfbundle; includeInIndex = 0; path = designTests.xctest; sourceTree = BUILT_PRODUCTS_DIR; };
		EA45D48321922F4E0050FDC3 /* designTests.swift */ = {isa = PBXFileReference; lastKnownFileType = sourcecode.swift; path = designTests.swift; sourceTree = "<group>"; };
		EA45D48521922F4E0050FDC3 /* Info.plist */ = {isa = PBXFileReference; lastKnownFileType = text.plist.xml; path = Info.plist; sourceTree = "<group>"; };
		EA45D48A21922F4E0050FDC3 /* designUITests.xctest */ = {isa = PBXFileReference; explicitFileType = wrapper.cfbundle; includeInIndex = 0; path = designUITests.xctest; sourceTree = BUILT_PRODUCTS_DIR; };
		EA45D48E21922F4E0050FDC3 /* designUITests.swift */ = {isa = PBXFileReference; lastKnownFileType = sourcecode.swift; path = designUITests.swift; sourceTree = "<group>"; };
		EA45D49021922F4E0050FDC3 /* Info.plist */ = {isa = PBXFileReference; lastKnownFileType = text.plist.xml; path = Info.plist; sourceTree = "<group>"; };
		EA45D49C219238270050FDC3 /* cell.xib */ = {isa = PBXFileReference; lastKnownFileType = file.xib; path = cell.xib; sourceTree = "<group>"; };
		EA45D4A021923E5B0050FDC3 /* cell.swift */ = {isa = PBXFileReference; lastKnownFileType = sourcecode.swift; path = cell.swift; sourceTree = "<group>"; };
		EAA59AA8219B79FC0053A6F8 /* AlarmStruct.swift */ = {isa = PBXFileReference; lastKnownFileType = sourcecode.swift; path = AlarmStruct.swift; sourceTree = "<group>"; };
/* End PBXFileReference section */

/* Begin PBXFrameworksBuildPhase section */
		EA45D46821922F4C0050FDC3 /* Frameworks */ = {
			isa = PBXFrameworksBuildPhase;
			buildActionMask = 2147483647;
			files = (
			);
			runOnlyForDeploymentPostprocessing = 0;
		};
		EA45D47C21922F4E0050FDC3 /* Frameworks */ = {
			isa = PBXFrameworksBuildPhase;
			buildActionMask = 2147483647;
			files = (
			);
			runOnlyForDeploymentPostprocessing = 0;
		};
		EA45D48721922F4E0050FDC3 /* Frameworks */ = {
			isa = PBXFrameworksBuildPhase;
			buildActionMask = 2147483647;
			files = (
			);
			runOnlyForDeploymentPostprocessing = 0;
		};
/* End PBXFrameworksBuildPhase section */

/* Begin PBXGroup section */
		CE9B639221A20EB90014F51A /* travel */ = {
			isa = PBXGroup;
			children = (
				CE9B639321A210CA0014F51A /* Journey.swift */,
				CE9B639521A2110F0014F51A /* TravelManager.swift */,
			);
			path = travel;
			sourceTree = "<group>";
		};
		EA45D46221922F4C0050FDC3 = {
			isa = PBXGroup;
			children = (
				EA45D46D21922F4C0050FDC3 /* design */,
				EA45D48221922F4E0050FDC3 /* designTests */,
				EA45D48D21922F4E0050FDC3 /* designUITests */,
				EA45D46C21922F4C0050FDC3 /* Products */,
			);
			sourceTree = "<group>";
		};
		EA45D46C21922F4C0050FDC3 /* Products */ = {
			isa = PBXGroup;
			children = (
				EA45D46B21922F4C0050FDC3 /* design.app */,
				EA45D47F21922F4E0050FDC3 /* designTests.xctest */,
				EA45D48A21922F4E0050FDC3 /* designUITests.xctest */,
			);
			name = Products;
			sourceTree = "<group>";
		};
		EA45D46D21922F4C0050FDC3 /* design */ = {
			isa = PBXGroup;
			children = (
				CE9B638D21A20B3A0014F51A /* s.caf */,
				CE9B639221A20EB90014F51A /* travel */,
				EA45D46E21922F4C0050FDC3 /* AppDelegate.swift */,
				EA45D47021922F4C0050FDC3 /* ViewController.swift */,
				EA45D47221922F4C0050FDC3 /* Main.storyboard */,
				EA45D47521922F4E0050FDC3 /* Assets.xcassets */,
				EA45D47721922F4E0050FDC3 /* LaunchScreen.storyboard */,
				EA45D47A21922F4E0050FDC3 /* Info.plist */,
				EA45D49C219238270050FDC3 /* cell.xib */,
				EA45D4A021923E5B0050FDC3 /* cell.swift */,
				EAA59AA8219B79FC0053A6F8 /* AlarmStruct.swift */,
				EA156C4121A1E00F00F29C91 /* SecondViewController.swift */,
				EA156C4321A1E16100F29C91 /* SecondTableViewCell.swift */,
				EA156C4521A1E5B100F29C91 /* SecondTableViewCell.xib */,
			);
			path = design;
			sourceTree = "<group>";
		};
		EA45D48221922F4E0050FDC3 /* designTests */ = {
			isa = PBXGroup;
			children = (
				EA45D48321922F4E0050FDC3 /* designTests.swift */,
				EA45D48521922F4E0050FDC3 /* Info.plist */,
			);
			path = designTests;
			sourceTree = "<group>";
		};
		EA45D48D21922F4E0050FDC3 /* designUITests */ = {
			isa = PBXGroup;
			children = (
				EA45D48E21922F4E0050FDC3 /* designUITests.swift */,
				EA45D49021922F4E0050FDC3 /* Info.plist */,
			);
			path = designUITests;
			sourceTree = "<group>";
		};
/* End PBXGroup section */

/* Begin PBXNativeTarget section */
		EA45D46A21922F4C0050FDC3 /* design */ = {
			isa = PBXNativeTarget;
			buildConfigurationList = EA45D49321922F4E0050FDC3 /* Build configuration list for PBXNativeTarget "design" */;
			buildPhases = (
				EA45D46721922F4C0050FDC3 /* Sources */,
				EA45D46821922F4C0050FDC3 /* Frameworks */,
				EA45D46921922F4C0050FDC3 /* Resources */,
			);
			buildRules = (
			);
			dependencies = (
			);
			name = design;
			productName = design;
			productReference = EA45D46B21922F4C0050FDC3 /* design.app */;
			productType = "com.apple.product-type.application";
		};
		EA45D47E21922F4E0050FDC3 /* designTests */ = {
			isa = PBXNativeTarget;
			buildConfigurationList = EA45D49621922F4E0050FDC3 /* Build configuration list for PBXNativeTarget "designTests" */;
			buildPhases = (
				EA45D47B21922F4E0050FDC3 /* Sources */,
				EA45D47C21922F4E0050FDC3 /* Frameworks */,
				EA45D47D21922F4E0050FDC3 /* Resources */,
			);
			buildRules = (
			);
			dependencies = (
				EA45D48121922F4E0050FDC3 /* PBXTargetDependency */,
			);
			name = designTests;
			productName = designTests;
			productReference = EA45D47F21922F4E0050FDC3 /* designTests.xctest */;
			productType = "com.apple.product-type.bundle.unit-test";
		};
		EA45D48921922F4E0050FDC3 /* designUITests */ = {
			isa = PBXNativeTarget;
			buildConfigurationList = EA45D49921922F4E0050FDC3 /* Build configuration list for PBXNativeTarget "designUITests" */;
			buildPhases = (
				EA45D48621922F4E0050FDC3 /* Sources */,
				EA45D48721922F4E0050FDC3 /* Frameworks */,
				EA45D48821922F4E0050FDC3 /* Resources */,
			);
			buildRules = (
			);
			dependencies = (
				EA45D48C21922F4E0050FDC3 /* PBXTargetDependency */,
			);
			name = designUITests;
			productName = designUITests;
			productReference = EA45D48A21922F4E0050FDC3 /* designUITests.xctest */;
			productType = "com.apple.product-type.bundle.ui-testing";
		};
/* End PBXNativeTarget section */

/* Begin PBXProject section */
		EA45D46321922F4C0050FDC3 /* Project object */ = {
			isa = PBXProject;
			attributes = {
				LastSwiftUpdateCheck = 1010;
				LastUpgradeCheck = 1010;
				ORGANIZATIONNAME = Tonya;
				TargetAttributes = {
					EA45D46A21922F4C0050FDC3 = {
						CreatedOnToolsVersion = 10.1;
					};
					EA45D47E21922F4E0050FDC3 = {
						CreatedOnToolsVersion = 10.1;
						TestTargetID = EA45D46A21922F4C0050FDC3;
					};
					EA45D48921922F4E0050FDC3 = {
						CreatedOnToolsVersion = 10.1;
						TestTargetID = EA45D46A21922F4C0050FDC3;
					};
				};
			};
			buildConfigurationList = EA45D46621922F4C0050FDC3 /* Build configuration list for PBXProject "design" */;
			compatibilityVersion = "Xcode 9.3";
			developmentRegion = en;
			hasScannedForEncodings = 0;
			knownRegions = (
				en,
				Base,
			);
			mainGroup = EA45D46221922F4C0050FDC3;
			productRefGroup = EA45D46C21922F4C0050FDC3 /* Products */;
			projectDirPath = "";
			projectRoot = "";
			targets = (
				EA45D46A21922F4C0050FDC3 /* design */,
				EA45D47E21922F4E0050FDC3 /* designTests */,
				EA45D48921922F4E0050FDC3 /* designUITests */,
			);
		};
/* End PBXProject section */

/* Begin PBXResourcesBuildPhase section */
		EA45D46921922F4C0050FDC3 /* Resources */ = {
			isa = PBXResourcesBuildPhase;
			buildActionMask = 2147483647;
			files = (
				EA156C4621A1E5B100F29C91 /* SecondTableViewCell.xib in Resources */,
				EA45D47921922F4E0050FDC3 /* LaunchScreen.storyboard in Resources */,
				EA45D49D219238270050FDC3 /* cell.xib in Resources */,
				EA45D47621922F4E0050FDC3 /* Assets.xcassets in Resources */,
				EA45D47421922F4C0050FDC3 /* Main.storyboard in Resources */,
			);
			runOnlyForDeploymentPostprocessing = 0;
		};
		EA45D47D21922F4E0050FDC3 /* Resources */ = {
			isa = PBXResourcesBuildPhase;
			buildActionMask = 2147483647;
			files = (
			);
			runOnlyForDeploymentPostprocessing = 0;
		};
		EA45D48821922F4E0050FDC3 /* Resources */ = {
			isa = PBXResourcesBuildPhase;
			buildActionMask = 2147483647;
			files = (
			);
			runOnlyForDeploymentPostprocessing = 0;
		};
/* End PBXResourcesBuildPhase section */

/* Begin PBXSourcesBuildPhase section */
		EA45D46721922F4C0050FDC3 /* Sources */ = {
			isa = PBXSourcesBuildPhase;
			buildActionMask = 2147483647;
			files = (
				CE9B639421A210CA0014F51A /* Journey.swift in Sources */,
				EAA59AA9219B79FC0053A6F8 /* AlarmStruct.swift in Sources */,
				EA45D47121922F4C0050FDC3 /* ViewController.swift in Sources */,
				EA45D4A121923E5B0050FDC3 /* cell.swift in Sources */,
				EA156C4221A1E00F00F29C91 /* SecondViewController.swift in Sources */,
				EA45D46F21922F4C0050FDC3 /* AppDelegate.swift in Sources */,
				EA156C4421A1E16100F29C91 /* SecondTableViewCell.swift in Sources */,
				CE9B639621A2110F0014F51A /* TravelManager.swift in Sources */,
			);
			runOnlyForDeploymentPostprocessing = 0;
		};
		EA45D47B21922F4E0050FDC3 /* Sources */ = {
			isa = PBXSourcesBuildPhase;
			buildActionMask = 2147483647;
			files = (
				EA45D48421922F4E0050FDC3 /* designTests.swift in Sources */,
			);
			runOnlyForDeploymentPostprocessing = 0;
		};
		EA45D48621922F4E0050FDC3 /* Sources */ = {
			isa = PBXSourcesBuildPhase;
			buildActionMask = 2147483647;
			files = (
				EA45D48F21922F4E0050FDC3 /* designUITests.swift in Sources */,
			);
			runOnlyForDeploymentPostprocessing = 0;
		};
/* End PBXSourcesBuildPhase section */

/* Begin PBXTargetDependency section */
		EA45D48121922F4E0050FDC3 /* PBXTargetDependency */ = {
			isa = PBXTargetDependency;
			target = EA45D46A21922F4C0050FDC3 /* design */;
			targetProxy = EA45D48021922F4E0050FDC3 /* PBXContainerItemProxy */;
		};
		EA45D48C21922F4E0050FDC3 /* PBXTargetDependency */ = {
			isa = PBXTargetDependency;
			target = EA45D46A21922F4C0050FDC3 /* design */;
			targetProxy = EA45D48B21922F4E0050FDC3 /* PBXContainerItemProxy */;
		};
/* End PBXTargetDependency section */

/* Begin PBXVariantGroup section */
		EA45D47221922F4C0050FDC3 /* Main.storyboard */ = {
			isa = PBXVariantGroup;
			children = (
				EA45D47321922F4C0050FDC3 /* Base */,
			);
			name = Main.storyboard;
			sourceTree = "<group>";
		};
		EA45D47721922F4E0050FDC3 /* LaunchScreen.storyboard */ = {
			isa = PBXVariantGroup;
			children = (
				EA45D47821922F4E0050FDC3 /* Base */,
			);
			name = LaunchScreen.storyboard;
			sourceTree = "<group>";
		};
/* End PBXVariantGroup section */

/* Begin XCBuildConfiguration section */
		EA45D49121922F4E0050FDC3 /* Debug */ = {
			isa = XCBuildConfiguration;
			buildSettings = {
				ALWAYS_SEARCH_USER_PATHS = NO;
				CLANG_ANALYZER_NONNULL = YES;
				CLANG_ANALYZER_NUMBER_OBJECT_CONVERSION = YES_AGGRESSIVE;
				CLANG_CXX_LANGUAGE_STANDARD = "gnu++14";
				CLANG_CXX_LIBRARY = "libc++";
				CLANG_ENABLE_MODULES = YES;
				CLANG_ENABLE_OBJC_ARC = YES;
				CLANG_ENABLE_OBJC_WEAK = YES;
				CLANG_WARN_BLOCK_CAPTURE_AUTORELEASING = YES;
				CLANG_WARN_BOOL_CONVERSION = YES;
				CLANG_WARN_COMMA = YES;
				CLANG_WARN_CONSTANT_CONVERSION = YES;
				CLANG_WARN_DEPRECATED_OBJC_IMPLEMENTATIONS = YES;
				CLANG_WARN_DIRECT_OBJC_ISA_USAGE = YES_ERROR;
				CLANG_WARN_DOCUMENTATION_COMMENTS = YES;
				CLANG_WARN_EMPTY_BODY = YES;
				CLANG_WARN_ENUM_CONVERSION = YES;
				CLANG_WARN_INFINITE_RECURSION = YES;
				CLANG_WARN_INT_CONVERSION = YES;
				CLANG_WARN_NON_LITERAL_NULL_CONVERSION = YES;
				CLANG_WARN_OBJC_IMPLICIT_RETAIN_SELF = YES;
				CLANG_WARN_OBJC_LITERAL_CONVERSION = YES;
				CLANG_WARN_OBJC_ROOT_CLASS = YES_ERROR;
				CLANG_WARN_RANGE_LOOP_ANALYSIS = YES;
				CLANG_WARN_STRICT_PROTOTYPES = YES;
				CLANG_WARN_SUSPICIOUS_MOVE = YES;
				CLANG_WARN_UNGUARDED_AVAILABILITY = YES_AGGRESSIVE;
				CLANG_WARN_UNREACHABLE_CODE = YES;
				CLANG_WARN__DUPLICATE_METHOD_MATCH = YES;
				CODE_SIGN_IDENTITY = "iPhone Developer";
				COPY_PHASE_STRIP = NO;
				DEBUG_INFORMATION_FORMAT = dwarf;
				ENABLE_STRICT_OBJC_MSGSEND = YES;
				ENABLE_TESTABILITY = YES;
				GCC_C_LANGUAGE_STANDARD = gnu11;
				GCC_DYNAMIC_NO_PIC = NO;
				GCC_NO_COMMON_BLOCKS = YES;
				GCC_OPTIMIZATION_LEVEL = 0;
				GCC_PREPROCESSOR_DEFINITIONS = (
					"DEBUG=1",
					"$(inherited)",
				);
				GCC_WARN_64_TO_32_BIT_CONVERSION = YES;
				GCC_WARN_ABOUT_RETURN_TYPE = YES_ERROR;
				GCC_WARN_UNDECLARED_SELECTOR = YES;
				GCC_WARN_UNINITIALIZED_AUTOS = YES_AGGRESSIVE;
				GCC_WARN_UNUSED_FUNCTION = YES;
				GCC_WARN_UNUSED_VARIABLE = YES;
				IPHONEOS_DEPLOYMENT_TARGET = 12.1;
				MTL_ENABLE_DEBUG_INFO = INCLUDE_SOURCE;
				MTL_FAST_MATH = YES;
				ONLY_ACTIVE_ARCH = YES;
				SDKROOT = iphoneos;
				SWIFT_ACTIVE_COMPILATION_CONDITIONS = DEBUG;
				SWIFT_OPTIMIZATION_LEVEL = "-Onone";
			};
			name = Debug;
		};
		EA45D49221922F4E0050FDC3 /* Release */ = {
			isa = XCBuildConfiguration;
			buildSettings = {
				ALWAYS_SEARCH_USER_PATHS = NO;
				CLANG_ANALYZER_NONNULL = YES;
				CLANG_ANALYZER_NUMBER_OBJECT_CONVERSION = YES_AGGRESSIVE;
				CLANG_CXX_LANGUAGE_STANDARD = "gnu++14";
				CLANG_CXX_LIBRARY = "libc++";
				CLANG_ENABLE_MODULES = YES;
				CLANG_ENABLE_OBJC_ARC = YES;
				CLANG_ENABLE_OBJC_WEAK = YES;
				CLANG_WARN_BLOCK_CAPTURE_AUTORELEASING = YES;
				CLANG_WARN_BOOL_CONVERSION = YES;
				CLANG_WARN_COMMA = YES;
				CLANG_WARN_CONSTANT_CONVERSION = YES;
				CLANG_WARN_DEPRECATED_OBJC_IMPLEMENTATIONS = YES;
				CLANG_WARN_DIRECT_OBJC_ISA_USAGE = YES_ERROR;
				CLANG_WARN_DOCUMENTATION_COMMENTS = YES;
				CLANG_WARN_EMPTY_BODY = YES;
				CLANG_WARN_ENUM_CONVERSION = YES;
				CLANG_WARN_INFINITE_RECURSION = YES;
				CLANG_WARN_INT_CONVERSION = YES;
				CLANG_WARN_NON_LITERAL_NULL_CONVERSION = YES;
				CLANG_WARN_OBJC_IMPLICIT_RETAIN_SELF = YES;
				CLANG_WARN_OBJC_LITERAL_CONVERSION = YES;
				CLANG_WARN_OBJC_ROOT_CLASS = YES_ERROR;
				CLANG_WARN_RANGE_LOOP_ANALYSIS = YES;
				CLANG_WARN_STRICT_PROTOTYPES = YES;
				CLANG_WARN_SUSPICIOUS_MOVE = YES;
				CLANG_WARN_UNGUARDED_AVAILABILITY = YES_AGGRESSIVE;
				CLANG_WARN_UNREACHABLE_CODE = YES;
				CLANG_WARN__DUPLICATE_METHOD_MATCH = YES;
				CODE_SIGN_IDENTITY = "iPhone Developer";
				COPY_PHASE_STRIP = NO;
				DEBUG_INFORMATION_FORMAT = "dwarf-with-dsym";
				ENABLE_NS_ASSERTIONS = NO;
				ENABLE_STRICT_OBJC_MSGSEND = YES;
				GCC_C_LANGUAGE_STANDARD = gnu11;
				GCC_NO_COMMON_BLOCKS = YES;
				GCC_WARN_64_TO_32_BIT_CONVERSION = YES;
				GCC_WARN_ABOUT_RETURN_TYPE = YES_ERROR;
				GCC_WARN_UNDECLARED_SELECTOR = YES;
				GCC_WARN_UNINITIALIZED_AUTOS = YES_AGGRESSIVE;
				GCC_WARN_UNUSED_FUNCTION = YES;
				GCC_WARN_UNUSED_VARIABLE = YES;
				IPHONEOS_DEPLOYMENT_TARGET = 12.1;
				MTL_ENABLE_DEBUG_INFO = NO;
				MTL_FAST_MATH = YES;
				SDKROOT = iphoneos;
				SWIFT_COMPILATION_MODE = wholemodule;
				SWIFT_OPTIMIZATION_LEVEL = "-O";
				VALIDATE_PRODUCT = YES;
			};
			name = Release;
		};
		EA45D49421922F4E0050FDC3 /* Debug */ = {
			isa = XCBuildConfiguration;
			buildSettings = {
				ASSETCATALOG_COMPILER_APPICON_NAME = AppIcon;
				CODE_SIGN_STYLE = Automatic;
				DEVELOPMENT_TEAM = "";
				INFOPLIST_FILE = design/Info.plist;
				LD_RUNPATH_SEARCH_PATHS = (
					"$(inherited)",
					"@executable_path/Frameworks",
				);
				PRODUCT_BUNDLE_IDENTIFIER = tonya.design;
				PRODUCT_NAME = "$(TARGET_NAME)";
				SWIFT_VERSION = 4.2;
				TARGETED_DEVICE_FAMILY = "1,2";
			};
			name = Debug;
		};
		EA45D49521922F4E0050FDC3 /* Release */ = {
			isa = XCBuildConfiguration;
			buildSettings = {
				ASSETCATALOG_COMPILER_APPICON_NAME = AppIcon;
				CODE_SIGN_STYLE = Automatic;
				DEVELOPMENT_TEAM = "";
				INFOPLIST_FILE = design/Info.plist;
				LD_RUNPATH_SEARCH_PATHS = (
					"$(inherited)",
					"@executable_path/Frameworks",
				);
				PRODUCT_BUNDLE_IDENTIFIER = tonya.design;
				PRODUCT_NAME = "$(TARGET_NAME)";
				SWIFT_VERSION = 4.2;
				TARGETED_DEVICE_FAMILY = "1,2";
			};
			name = Release;
		};
		EA45D49721922F4E0050FDC3 /* Debug */ = {
			isa = XCBuildConfiguration;
			buildSettings = {
				ALWAYS_EMBED_SWIFT_STANDARD_LIBRARIES = YES;
				BUNDLE_LOADER = "$(TEST_HOST)";
				CODE_SIGN_STYLE = Automatic;
				INFOPLIST_FILE = designTests/Info.plist;
				LD_RUNPATH_SEARCH_PATHS = (
					"$(inherited)",
					"@executable_path/Frameworks",
					"@loader_path/Frameworks",
				);
				PRODUCT_BUNDLE_IDENTIFIER = tonya.designTests;
				PRODUCT_NAME = "$(TARGET_NAME)";
				SWIFT_VERSION = 4.2;
				TARGETED_DEVICE_FAMILY = "1,2";
				TEST_HOST = "$(BUILT_PRODUCTS_DIR)/design.app/design";
			};
			name = Debug;
		};
		EA45D49821922F4E0050FDC3 /* Release */ = {
			isa = XCBuildConfiguration;
			buildSettings = {
				ALWAYS_EMBED_SWIFT_STANDARD_LIBRARIES = YES;
				BUNDLE_LOADER = "$(TEST_HOST)";
				CODE_SIGN_STYLE = Automatic;
				INFOPLIST_FILE = designTests/Info.plist;
				LD_RUNPATH_SEARCH_PATHS = (
					"$(inherited)",
					"@executable_path/Frameworks",
					"@loader_path/Frameworks",
				);
				PRODUCT_BUNDLE_IDENTIFIER = tonya.designTests;
				PRODUCT_NAME = "$(TARGET_NAME)";
				SWIFT_VERSION = 4.2;
				TARGETED_DEVICE_FAMILY = "1,2";
				TEST_HOST = "$(BUILT_PRODUCTS_DIR)/design.app/design";
			};
			name = Release;
		};
		EA45D49A21922F4E0050FDC3 /* Debug */ = {
			isa = XCBuildConfiguration;
			buildSettings = {
				ALWAYS_EMBED_SWIFT_STANDARD_LIBRARIES = YES;
				CODE_SIGN_STYLE = Automatic;
				INFOPLIST_FILE = designUITests/Info.plist;
				LD_RUNPATH_SEARCH_PATHS = (
					"$(inherited)",
					"@executable_path/Frameworks",
					"@loader_path/Frameworks",
				);
				PRODUCT_BUNDLE_IDENTIFIER = tonya.designUITests;
				PRODUCT_NAME = "$(TARGET_NAME)";
				SWIFT_VERSION = 4.2;
				TARGETED_DEVICE_FAMILY = "1,2";
				TEST_TARGET_NAME = design;
			};
			name = Debug;
		};
		EA45D49B21922F4E0050FDC3 /* Release */ = {
			isa = XCBuildConfiguration;
			buildSettings = {
				ALWAYS_EMBED_SWIFT_STANDARD_LIBRARIES = YES;
				CODE_SIGN_STYLE = Automatic;
				INFOPLIST_FILE = designUITests/Info.plist;
				LD_RUNPATH_SEARCH_PATHS = (
					"$(inherited)",
					"@executable_path/Frameworks",
					"@loader_path/Frameworks",
				);
				PRODUCT_BUNDLE_IDENTIFIER = tonya.designUITests;
				PRODUCT_NAME = "$(TARGET_NAME)";
				SWIFT_VERSION = 4.2;
				TARGETED_DEVICE_FAMILY = "1,2";
				TEST_TARGET_NAME = design;
			};
			name = Release;
		};
/* End XCBuildConfiguration section */

/* Begin XCConfigurationList section */
		EA45D46621922F4C0050FDC3 /* Build configuration list for PBXProject "design" */ = {
			isa = XCConfigurationList;
			buildConfigurations = (
				EA45D49121922F4E0050FDC3 /* Debug */,
				EA45D49221922F4E0050FDC3 /* Release */,
			);
			defaultConfigurationIsVisible = 0;
			defaultConfigurationName = Release;
		};
		EA45D49321922F4E0050FDC3 /* Build configuration list for PBXNativeTarget "design" */ = {
			isa = XCConfigurationList;
			buildConfigurations = (
				EA45D49421922F4E0050FDC3 /* Debug */,
				EA45D49521922F4E0050FDC3 /* Release */,
			);
			defaultConfigurationIsVisible = 0;
			defaultConfigurationName = Release;
		};
		EA45D49621922F4E0050FDC3 /* Build configuration list for PBXNativeTarget "designTests" */ = {
			isa = XCConfigurationList;
			buildConfigurations = (
				EA45D49721922F4E0050FDC3 /* Debug */,
				EA45D49821922F4E0050FDC3 /* Release */,
			);
			defaultConfigurationIsVisible = 0;
			defaultConfigurationName = Release;
		};
		EA45D49921922F4E0050FDC3 /* Build configuration list for PBXNativeTarget "designUITests" */ = {
			isa = XCConfigurationList;
			buildConfigurations = (
				EA45D49A21922F4E0050FDC3 /* Debug */,
				EA45D49B21922F4E0050FDC3 /* Release */,
			);
			defaultConfigurationIsVisible = 0;
			defaultConfigurationName = Release;
		};
/* End XCConfigurationList section */
	};
	rootObject = EA45D46321922F4C0050FDC3 /* Project object */;
}
